{
  "version": 4,
  "terraform_version": "1.12.2",
  "serial": 12,
  "lineage": "6240cad7-3bc7-bd41-7e8a-b3cf843396a7",
  "outputs": {
    "frontdoor_endpoint": {
      "value": "fd-ahmedshaaban-d3bucvhudad5g7ae.b01.azurefd.net",
      "type": "string"
    }
  },
  "resources": [
    {
      "mode": "managed",
      "type": "azurerm_cdn_frontdoor_endpoint",
      "name": "fd_endpoint",
      "provider": "provider[\"registry.terraform.io/hashicorp/azurerm\"]",
      "instances": [
        {
          "schema_version": 0,
          "attributes": {
            "cdn_frontdoor_profile_id": "/subscriptions/4f61c30c-2ddf-442e-a4c7-7c51bdc727b5/resourceGroups/rg-frontdoor-static/providers/Microsoft.Cdn/profiles/fd-ahmedshaaban",
            "enabled": true,
            "host_name": "fd-ahmedshaaban-d3bucvhudad5g7ae.b01.azurefd.net",
            "id": "/subscriptions/4f61c30c-2ddf-442e-a4c7-7c51bdc727b5/resourceGroups/rg-frontdoor-static/providers/Microsoft.Cdn/profiles/fd-ahmedshaaban/afdEndpoints/fd-ahmedshaaban",
            "name": "fd-ahmedshaaban",
            "tags": {},
            "timeouts": null
          },
          "sensitive_attributes": [],
          "identity_schema_version": 0,
          "private": "eyJlMmJmYjczMC1lY2FhLTExZTYtOGY4OC0zNDM2M2JjN2M0YzAiOnsiY3JlYXRlIjoxODAwMDAwMDAwMDAwLCJkZWxldGUiOjE4MDAwMDAwMDAwMDAsInJlYWQiOjMwMDAwMDAwMDAwMCwidXBkYXRlIjoxODAwMDAwMDAwMDAwfX0=",
          "dependencies": [
            "azurerm_cdn_frontdoor_profile.fd_profile",
            "azurerm_resource_group.rg"
          ]
        }
      ]
    },
    {
      "mode": "managed",
      "type": "azurerm_cdn_frontdoor_origin",
      "name": "fd_origin",
      "provider": "provider[\"registry.terraform.io/hashicorp/azurerm\"]",
      "instances": [
        {
          "schema_version": 0,
          "attributes": {
            "cdn_frontdoor_origin_group_id": "/subscriptions/4f61c30c-2ddf-442e-a4c7-7c51bdc727b5/resourceGroups/rg-frontdoor-static/providers/Microsoft.Cdn/profiles/fd-ahmedshaaban/originGroups/origin-group-website",
            "certificate_name_check_enabled": false,
            "enabled": false,
            "host_name": "ahmedshaaban.z13.web.core.windows.net",
            "http_port": 80,
            "https_port": 443,
            "id": "/subscriptions/4f61c30c-2ddf-442e-a4c7-7c51bdc727b5/resourceGroups/rg-frontdoor-static/providers/Microsoft.Cdn/profiles/fd-ahmedshaaban/originGroups/origin-group-website/origins/website-origin",
            "name": "website-origin",
            "origin_host_header": "",
            "priority": 1,
            "private_link": [],
            "timeouts": null,
            "weight": 500
          },
          "sensitive_attributes": [],
          "identity_schema_version": 0,
          "private": "eyJlMmJmYjczMC1lY2FhLTExZTYtOGY4OC0zNDM2M2JjN2M0YzAiOnsiY3JlYXRlIjoxODAwMDAwMDAwMDAwLCJkZWxldGUiOjE4MDAwMDAwMDAwMDAsInJlYWQiOjMwMDAwMDAwMDAwMCwidXBkYXRlIjoxODAwMDAwMDAwMDAwfX0=",
          "dependencies": [
            "azurerm_cdn_frontdoor_origin_group.fd_origin_group",
            "azurerm_cdn_frontdoor_profile.fd_profile",
            "azurerm_resource_group.rg",
            "azurerm_storage_account.sa"
          ]
        }
      ]
    },
    {
      "mode": "managed",
      "type": "azurerm_cdn_frontdoor_origin_group",
      "name": "fd_origin_group",
      "provider": "provider[\"registry.terraform.io/hashicorp/azurerm\"]",
      "instances": [
        {
          "schema_version": 0,
          "attributes": {
            "cdn_frontdoor_profile_id": "/subscriptions/4f61c30c-2ddf-442e-a4c7-7c51bdc727b5/resourceGroups/rg-frontdoor-static/providers/Microsoft.Cdn/profiles/fd-ahmedshaaban",
            "health_probe": [],
            "id": "/subscriptions/4f61c30c-2ddf-442e-a4c7-7c51bdc727b5/resourceGroups/rg-frontdoor-static/providers/Microsoft.Cdn/profiles/fd-ahmedshaaban/originGroups/origin-group-website",
            "load_balancing": [
              {
                "additional_latency_in_milliseconds": 50,
                "sample_size": 4,
                "successful_samples_required": 3
              }
            ],
            "name": "origin-group-website",
            "restore_traffic_time_to_healed_or_new_endpoint_in_minutes": 10,
            "session_affinity_enabled": false,
            "timeouts": null
          },
          "sensitive_attributes": [],
          "identity_schema_version": 0,
          "private": "eyJlMmJmYjczMC1lY2FhLTExZTYtOGY4OC0zNDM2M2JjN2M0YzAiOnsiY3JlYXRlIjoxODAwMDAwMDAwMDAwLCJkZWxldGUiOjE4MDAwMDAwMDAwMDAsInJlYWQiOjMwMDAwMDAwMDAwMCwidXBkYXRlIjoxODAwMDAwMDAwMDAwfX0=",
          "dependencies": [
            "azurerm_cdn_frontdoor_profile.fd_profile",
            "azurerm_resource_group.rg"
          ]
        }
      ]
    },
    {
      "mode": "managed",
      "type": "azurerm_cdn_frontdoor_profile",
      "name": "fd_profile",
      "provider": "provider[\"registry.terraform.io/hashicorp/azurerm\"]",
      "instances": [
        {
          "schema_version": 0,
          "attributes": {
            "id": "/subscriptions/4f61c30c-2ddf-442e-a4c7-7c51bdc727b5/resourceGroups/rg-frontdoor-static/providers/Microsoft.Cdn/profiles/fd-ahmedshaaban",
            "identity": [],
            "log_scrubbing_rule": [],
            "name": "fd-ahmedshaaban",
            "resource_group_name": "rg-frontdoor-static",
            "resource_guid": "4e1a8b5f-2c00-4813-93fc-123572da4cbd",
            "response_timeout_seconds": 120,
            "sku_name": "Standard_AzureFrontDoor",
            "tags": {},
            "timeouts": null
          },
          "sensitive_attributes": [],
          "identity_schema_version": 0,
          "private": "eyJlMmJmYjczMC1lY2FhLTExZTYtOGY4OC0zNDM2M2JjN2M0YzAiOnsiY3JlYXRlIjoxODAwMDAwMDAwMDAwLCJkZWxldGUiOjE4MDAwMDAwMDAwMDAsInJlYWQiOjMwMDAwMDAwMDAwMCwidXBkYXRlIjoxODAwMDAwMDAwMDAwfX0=",
          "dependencies": [
            "azurerm_resource_group.rg"
          ]
        }
      ]
    },
    {
      "mode": "managed",
      "type": "azurerm_resource_group",
      "name": "rg",
      "provider": "provider[\"registry.terraform.io/hashicorp/azurerm\"]",
      "instances": [
        {
          "schema_version": 0,
          "attributes": {
            "id": "/subscriptions/4f61c30c-2ddf-442e-a4c7-7c51bdc727b5/resourceGroups/rg-frontdoor-static",
            "location": "eastus",
            "managed_by": "",
            "name": "rg-frontdoor-static",
            "tags": {},
            "timeouts": null
          },
          "sensitive_attributes": [],
          "identity_schema_version": 0,
          "private": "eyJlMmJmYjczMC1lY2FhLTExZTYtOGY4OC0zNDM2M2JjN2M0YzAiOnsiY3JlYXRlIjo1NDAwMDAwMDAwMDAwLCJkZWxldGUiOjU0MDAwMDAwMDAwMDAsInJlYWQiOjMwMDAwMDAwMDAwMCwidXBkYXRlIjo1NDAwMDAwMDAwMDAwfX0="
        }
      ]
    },
    {
      "mode": "managed",
      "type": "azurerm_storage_account",
      "name": "sa",
      "provider": "provider[\"registry.terraform.io/hashicorp/azurerm\"]",
      "instances": [
        {
          "schema_version": 4,
          "attributes": {
            "access_tier": "Hot",
            "account_kind": "StorageV2",
            "account_replication_type": "LRS",
            "account_tier": "Standard",
            "allow_nested_items_to_be_public": false,
            "allowed_copy_scope": "",
            "azure_files_authentication": [],
            "blob_properties": [
              {
                "change_feed_enabled": false,
                "change_feed_retention_in_days": 0,
                "container_delete_retention_policy": [],
                "cors_rule": [],
                "default_service_version": "",
                "delete_retention_policy": [],
                "last_access_time_enabled": false,
                "restore_policy": [],
                "versioning_enabled": false
              }
            ],
            "cross_tenant_replication_enabled": false,
            "custom_domain": [],
            "customer_managed_key": [],
            "default_to_oauth_authentication": false,
            "dns_endpoint_type": "Standard",
            "edge_zone": "",
            "https_traffic_only_enabled": true,
            "id": "/subscriptions/4f61c30c-2ddf-442e-a4c7-7c51bdc727b5/resourceGroups/rg-frontdoor-static/providers/Microsoft.Storage/storageAccounts/ahmedshaaban",
            "identity": [],
            "immutability_policy": [],
            "infrastructure_encryption_enabled": false,
            "is_hns_enabled": false,
            "large_file_share_enabled": false,
            "local_user_enabled": true,
            "location": "eastus",
            "min_tls_version": "TLS1_2",
            "name": "ahmedshaaban",
            "network_rules": [],
            "nfsv3_enabled": false,
            "primary_access_key": "Tm/rPUDfn606r7VK/F5XPqYEcTtTPWn84PTgbno3aZ5j6SHu+ba2ckK9F4Hq+iIzxAjZbDxTOJbK+ASt6NGZrw==",
            "primary_blob_connection_string": "DefaultEndpointsProtocol=https;BlobEndpoint=https://ahmedshaaban.blob.core.windows.net/;AccountName=ahmedshaaban;AccountKey=Tm/rPUDfn606r7VK/F5XPqYEcTtTPWn84PTgbno3aZ5j6SHu+ba2ckK9F4Hq+iIzxAjZbDxTOJbK+ASt6NGZrw==",
            "primary_blob_endpoint": "https://ahmedshaaban.blob.core.windows.net/",
            "primary_blob_host": "ahmedshaaban.blob.core.windows.net",
            "primary_blob_internet_endpoint": "",
            "primary_blob_internet_host": "",
            "primary_blob_microsoft_endpoint": "",
            "primary_blob_microsoft_host": "",
            "primary_connection_string": "DefaultEndpointsProtocol=https;AccountName=ahmedshaaban;AccountKey=Tm/rPUDfn606r7VK/F5XPqYEcTtTPWn84PTgbno3aZ5j6SHu+ba2ckK9F4Hq+iIzxAjZbDxTOJbK+ASt6NGZrw==;EndpointSuffix=core.windows.net",
            "primary_dfs_endpoint": "https://ahmedshaaban.dfs.core.windows.net/",
            "primary_dfs_host": "ahmedshaaban.dfs.core.windows.net",
            "primary_dfs_internet_endpoint": "",
            "primary_dfs_internet_host": "",
            "primary_dfs_microsoft_endpoint": "",
            "primary_dfs_microsoft_host": "",
            "primary_file_endpoint": "https://ahmedshaaban.file.core.windows.net/",
            "primary_file_host": "ahmedshaaban.file.core.windows.net",
            "primary_file_internet_endpoint": "",
            "primary_file_internet_host": "",
            "primary_file_microsoft_endpoint": "",
            "primary_file_microsoft_host": "",
            "primary_location": "eastus",
            "primary_queue_endpoint": "https://ahmedshaaban.queue.core.windows.net/",
            "primary_queue_host": "ahmedshaaban.queue.core.windows.net",
            "primary_queue_microsoft_endpoint": "",
            "primary_queue_microsoft_host": "",
            "primary_table_endpoint": "https://ahmedshaaban.table.core.windows.net/",
            "primary_table_host": "ahmedshaaban.table.core.windows.net",
            "primary_table_microsoft_endpoint": "",
            "primary_table_microsoft_host": "",
            "primary_web_endpoint": "https://ahmedshaaban.z13.web.core.windows.net/",
            "primary_web_host": "ahmedshaaban.z13.web.core.windows.net",
            "primary_web_internet_endpoint": "",
            "primary_web_internet_host": "",
            "primary_web_microsoft_endpoint": "",
            "primary_web_microsoft_host": "",
            "provisioned_billing_model_version": "",
            "public_network_access_enabled": true,
            "queue_encryption_key_type": "Service",
            "queue_properties": [
              {
                "cors_rule": [],
                "hour_metrics": [
                  {
                    "enabled": false,
                    "include_apis": false,
                    "retention_policy_days": 0,
                    "version": "1.0"
                  }
                ],
                "logging": [
                  {
                    "delete": false,
                    "read": false,
                    "retention_policy_days": 0,
                    "version": "1.0",
                    "write": false
                  }
                ],
                "minute_metrics": [
                  {
                    "enabled": false,
                    "include_apis": false,
                    "retention_policy_days": 0,
                    "version": "1.0"
                  }
                ]
              }
            ],
            "resource_group_name": "rg-frontdoor-static",
            "routing": [],
            "sas_policy": [],
            "secondary_access_key": "iS0yLKdU12BEx/HZHIeel4peqqnBLYyyR1cLkCYltaBg7hTfUH0/E5oadBrbNApVxS3JQkjHeWyC+ASt8aBG6w==",
            "secondary_blob_connection_string": "",
            "secondary_blob_endpoint": "",
            "secondary_blob_host": "",
            "secondary_blob_internet_endpoint": "",
            "secondary_blob_internet_host": "",
            "secondary_blob_microsoft_endpoint": "",
            "secondary_blob_microsoft_host": "",
            "secondary_connection_string": "DefaultEndpointsProtocol=https;AccountName=ahmedshaaban;AccountKey=iS0yLKdU12BEx/HZHIeel4peqqnBLYyyR1cLkCYltaBg7hTfUH0/E5oadBrbNApVxS3JQkjHeWyC+ASt8aBG6w==;EndpointSuffix=core.windows.net",
            "secondary_dfs_endpoint": "",
            "secondary_dfs_host": "",
            "secondary_dfs_internet_endpoint": "",
            "secondary_dfs_internet_host": "",
            "secondary_dfs_microsoft_endpoint": "",
            "secondary_dfs_microsoft_host": "",
            "secondary_file_endpoint": "",
            "secondary_file_host": "",
            "secondary_file_internet_endpoint": "",
            "secondary_file_internet_host": "",
            "secondary_file_microsoft_endpoint": "",
            "secondary_file_microsoft_host": "",
            "secondary_location": "",
            "secondary_queue_endpoint": "",
            "secondary_queue_host": "",
            "secondary_queue_microsoft_endpoint": "",
            "secondary_queue_microsoft_host": "",
            "secondary_table_endpoint": "",
            "secondary_table_host": "",
            "secondary_table_microsoft_endpoint": "",
            "secondary_table_microsoft_host": "",
            "secondary_web_endpoint": "",
            "secondary_web_host": "",
            "secondary_web_internet_endpoint": "",
            "secondary_web_internet_host": "",
            "secondary_web_microsoft_endpoint": "",
            "secondary_web_microsoft_host": "",
            "sftp_enabled": false,
            "share_properties": [
              {
                "cors_rule": [],
                "retention_policy": [
                  {
                    "days": 7
                  }
                ],
                "smb": []
              }
            ],
            "shared_access_key_enabled": true,
            "static_website": [],
            "table_encryption_key_type": "Service",
            "tags": null,
            "timeouts": null
          },
          "sensitive_attributes": [
            [
              {
                "type": "get_attr",
                "value": "primary_access_key"
              }
            ],
            [
              {
                "type": "get_attr",
                "value": "primary_blob_connection_string"
              }
            ],
            [
              {
                "type": "get_attr",
                "value": "primary_connection_string"
              }
            ],
            [
              {
                "type": "get_attr",
                "value": "secondary_access_key"
              }
            ],
            [
              {
                "type": "get_attr",
                "value": "secondary_blob_connection_string"
              }
            ],
            [
              {
                "type": "get_attr",
                "value": "secondary_connection_string"
              }
            ]
          ],
          "identity_schema_version": 0,
          "identity": {
            "name": "ahmedshaaban",
            "resource_group_name": "rg-frontdoor-static",
            "subscription_id": "4f61c30c-2ddf-442e-a4c7-7c51bdc727b5"
          },
          "private": "eyJlMmJmYjczMC1lY2FhLTExZTYtOGY4OC0zNDM2M2JjN2M0YzAiOnsiY3JlYXRlIjozNjAwMDAwMDAwMDAwLCJkZWxldGUiOjM2MDAwMDAwMDAwMDAsInJlYWQiOjMwMDAwMDAwMDAwMCwidXBkYXRlIjozNjAwMDAwMDAwMDAwfSwic2NoZW1hX3ZlcnNpb24iOiI0In0=",
          "dependencies": [
            "azurerm_resource_group.rg"
          ]
        }
      ]
    },
    {
      "mode": "managed",
      "type": "azurerm_storage_account_static_website",
      "name": "website",
      "provider": "provider[\"registry.terraform.io/hashicorp/azurerm\"]",
      "instances": [
        {
          "schema_version": 0,
          "attributes": {
            "error_404_document": "index.html",
            "id": "/subscriptions/4f61c30c-2ddf-442e-a4c7-7c51bdc727b5/resourceGroups/rg-frontdoor-static/providers/Microsoft.Storage/storageAccounts/ahmedshaaban",
            "index_document": "index.html",
            "storage_account_id": "/subscriptions/4f61c30c-2ddf-442e-a4c7-7c51bdc727b5/resourceGroups/rg-frontdoor-static/providers/Microsoft.Storage/storageAccounts/ahmedshaaban",
            "timeouts": null
          },
          "sensitive_attributes": [],
          "identity_schema_version": 0,
          "identity": {
            "resource_group_name": "rg-frontdoor-static",
            "storage_account_name": "ahmedshaaban",
            "subscription_id": "4f61c30c-2ddf-442e-a4c7-7c51bdc727b5"
          },
          "private": "eyJlMmJmYjczMC1lY2FhLTExZTYtOGY4OC0zNDM2M2JjN2M0YzAiOnsiY3JlYXRlIjoxODAwMDAwMDAwMDAwLCJkZWxldGUiOjE4MDAwMDAwMDAwMDAsInJlYWQiOjMwMDAwMDAwMDAwMCwidXBkYXRlIjoxODAwMDAwMDAwMDAwfX0=",
          "dependencies": [
            "azurerm_resource_group.rg",
            "azurerm_storage_account.sa"
          ]
        }
      ]
    }
  ],
  "check_results": null
}
